{
  "name": "notes.sh",
  "version": "7.10.3",
  "lockfileVersion": 2,
  "requires": true,
  "packages": {
    "": {
      "name": "notes.sh",
      "version": "7.10.3",
      "license": "AGPL-3.0-or-later",
      "bin": {
        "bookmark": "bin/bookmark",
        "nb": "nb",
        "nb.sh": "nb",
        "notes": "bin/notes"
      }
    }
  }
}
