{
  "name": "nb.sh",
  "version": "6.3.5",
  "lockfileVersion": 2,
  "requires": true,
  "packages": {
    "": {
      "name": "nb.sh",
      "version": "6.3.5",
      "license": "AGPL-3.0-or-later",
      "bin": {
        "bookmark": "bin/bookmark",
        "nb": "nb",
        "nb.sh": "nb"
      }
    }
  }
}
